PODS:
  - Flutter (1.0.0)
  - FMDB (2.7.5):
    - FMDB/standard (= 2.7.5)
  - FMDB/standard (2.7.5)
  - OneSignal (2.12.6)
  - onesignal_flutter (2.3.3):
    - Flutter
    - OneSignal (= 2.12.6)
  - path_provider (0.0.1):
    - Flutter
  - shared_preferences (0.0.1):
    - Flutter
  - shared_preferences_macos (0.0.1):
    - Flutter
  - shared_preferences_web (0.0.1):
    - Flutter
  - sqflite (0.0.1):
    - Flutter
    - FMDB (~> 2.7.2)
  - webview_flutter (0.0.1):
    - Flutter

DEPENDENCIES:
  - Flutter (from `Flutter`)
  - OneSignal (< 3.0, >= 2.9.3)
  - onesignal_flutter (from `.symlinks/plugins/onesignal_flutter/ios`)
  - path_provider (from `.symlinks/plugins/path_provider/ios`)
  - shared_preferences (from `.symlinks/plugins/shared_preferences/ios`)
  - shared_preferences_macos (from `.symlinks/plugins/shared_preferences_macos/ios`)
  - shared_preferences_web (from `.symlinks/plugins/shared_preferences_web/ios`)
  - sqflite (from `.symlinks/plugins/sqflite/ios`)
  - webview_flutter (from `.symlinks/plugins/webview_flutter/ios`)

SPEC REPOS:
  trunk:
    - FMDB
    - OneSignal

EXTERNAL SOURCES:
  Flutter:
    :path: Flutter
  onesignal_flutter:
    :path: ".symlinks/plugins/onesignal_flutter/ios"
  path_provider:
    :path: ".symlinks/plugins/path_provider/ios"
  shared_preferences:
    :path: ".symlinks/plugins/shared_preferences/ios"
  shared_preferences_macos:
    :path: ".symlinks/plugins/shared_preferences_macos/ios"
  shared_preferences_web:
    :path: ".symlinks/plugins/shared_preferences_web/ios"
  sqflite:
    :path: ".symlinks/plugins/sqflite/ios"
  webview_flutter:
    :path: ".symlinks/plugins/webview_flutter/ios"

SPEC CHECKSUMS:
  Flutter: 0e3d915762c693b495b44d77113d4970485de6ec
  FMDB: 2ce00b547f966261cd18927a3ddb07cb6f3db82a
  OneSignal: a6df91542d1cf133b9dd19d89f2b533d8f2d3163
  onesignal_flutter: 0db2f05befedb1ef79399b571bff4c9ba5410f6a
  path_provider: fb74bd0465e96b594bb3b5088ee4a4e7bb1f2a9d
  shared_preferences: 430726339841afefe5142b9c1f50cb6bd7793e01
  shared_preferences_macos: f3f29b71ccbb56bf40c9dd6396c9acf15e214087
  shared_preferences_web: 141cce0c3ed1a1c5bf2a0e44f52d31eeb66e5ea9
  sqflite: 4001a31ff81d210346b500c55b17f4d6c7589dd0
  webview_flutter: bec7599de6bfbe8008a739aa3ebd7b364ea9d0cd

PODFILE CHECKSUM: cbeaeb1c7b27250dfb539b176113f039d4626265

COCOAPODS: 1.8.4
